
Microsoft Visual Studio Solution File, Format Version 12.00
# Visual Studio Version 16
VisualStudioVersion = 16.0.31025.194
MinimumVisualStudioVersion = 10.0.40219.1
Project("{FAE04EC0-301F-11D3-BF4B-00C04F79EFBC}") = "Core.API", "Core.API.csproj", "{8E30C89B-362E-4F95-8F1C-7CE537AA4166}"
EndProject
Project("{FAE04EC0-301F-11D3-BF4B-00C04F79EFBC}") = "CoreBL", "..\CoreBL\CoreBL.csproj", "{D5D98733-37FF-4F13-A83F-2DD38BC08B49}"
EndProject
Project("{FAE04EC0-301F-11D3-BF4B-00C04F79EFBC}") = "CoreDL", "..\CoreDL\CoreDL.csproj", "{7A0355B4-D871-4905-B965-0AE1F11974BF}"
EndProject
Global
	GlobalSection(SolutionConfigurationPlatforms) = preSolution
		Debug|Any CPU = Debug|Any CPU
		Release|Any CPU = Release|Any CPU
	EndGlobalSection
	GlobalSection(ProjectConfigurationPlatforms) = postSolution
		{8E30C89B-362E-4F95-8F1C-7CE537AA4166}.Debug|Any CPU.ActiveCfg = Debug|Any CPU
		{8E30C89B-362E-4F95-8F1C-7CE537AA4166}.Debug|Any CPU.Build.0 = Debug|Any CPU
		{8E30C89B-362E-4F95-8F1C-7CE537AA4166}.Release|Any CPU.ActiveCfg = Release|Any CPU
		{8E30C89B-362E-4F95-8F1C-7CE537AA4166}.Release|Any CPU.Build.0 = Release|Any CPU
		{D5D98733-37FF-4F13-A83F-2DD38BC08B49}.Debug|Any CPU.ActiveCfg = Debug|Any CPU
		{D5D98733-37FF-4F13-A83F-2DD38BC08B49}.Debug|Any CPU.Build.0 = Debug|Any CPU
		{D5D98733-37FF-4F13-A83F-2DD38BC08B49}.Release|Any CPU.ActiveCfg = Release|Any CPU
		{D5D98733-37FF-4F13-A83F-2DD38BC08B49}.Release|Any CPU.Build.0 = Release|Any CPU
		{7A0355B4-D871-4905-B965-0AE1F11974BF}.Debug|Any CPU.ActiveCfg = Debug|Any CPU
		{7A0355B4-D871-4905-B965-0AE1F11974BF}.Debug|Any CPU.Build.0 = Debug|Any CPU
		{7A0355B4-D871-4905-B965-0AE1F11974BF}.Release|Any CPU.ActiveCfg = Release|Any CPU
		{7A0355B4-D871-4905-B965-0AE1F11974BF}.Release|Any CPU.Build.0 = Release|Any CPU
	EndGlobalSection
	GlobalSection(SolutionProperties) = preSolution
		HideSolutionNode = FALSE
	EndGlobalSection
	GlobalSection(ExtensibilityGlobals) = postSolution
		SolutionGuid = {721A9DBD-EB83-409A-9A1E-C194541F216A}
	EndGlobalSection
EndGlobal
